
Microsoft Visual Studio Solution File, Format Version 12.00
# Visual Studio 14
VisualStudioVersion = 14.0.25420.1
MinimumVisualStudioVersion = 10.0.40219.1
Project("{8BC9CEB8-8B4A-11D0-8D11-00A0C91BC942}") = "Chess", "Chess\Chess.vcxproj", "{EDAEAF42-CC8F-4527-BC39-DF14162BD21E}"
EndProject
Global
	GlobalSection(SolutionConfigurationPlatforms) = preSolution
		Debug|x64 = Debug|x64
		Debug|x86 = Debug|x86
		Release|x64 = Release|x64
		Release|x86 = Release|x86
	EndGlobalSection
	GlobalSection(ProjectConfigurationPlatforms) = postSolution
		{EDAEAF42-CC8F-4527-BC39-DF14162BD21E}.Debug|x64.ActiveCfg = Debug|x64
		{EDAEAF42-CC8F-4527-BC39-DF14162BD21E}.Debug|x64.Build.0 = Debug|x64
		{EDAEAF42-CC8F-4527-BC39-DF14162BD21E}.Debug|x86.ActiveCfg = Debug|Win32
		{EDAEAF42-CC8F-4527-BC39-DF14162BD21E}.Debug|x86.Build.0 = Debug|Win32
		{EDAEAF42-CC8F-4527-BC39-DF14162BD21E}.Release|x64.ActiveCfg = Release|x64
		{EDAEAF42-CC8F-4527-BC39-DF14162BD21E}.Release|x64.Build.0 = Release|x64
		{EDAEAF42-CC8F-4527-BC39-DF14162BD21E}.Release|x86.ActiveCfg = Release|Win32
		{EDAEAF42-CC8F-4527-BC39-DF14162BD21E}.Release|x86.Build.0 = Release|Win32
	EndGlobalSection
	GlobalSection(SolutionProperties) = preSolution
		HideSolutionNode = FALSE
	EndGlobalSection
EndGlobal
